
Microsoft Visual Studio Solution File, Format Version 12.00
# Visual Studio Version 16
VisualStudioVersion = 16.0.31729.503
MinimumVisualStudioVersion = 10.0.40219.1
Project("{FAE04EC0-301F-11D3-BF4B-00C04F79EFBC}") = "Project_Login", "Project_Login.csproj", "{F11774E8-EB80-4C4B-AB1D-C56C0B5413B7}"
EndProject
Global
	GlobalSection(SolutionConfigurationPlatforms) = preSolution
		Debug|Any CPU = Debug|Any CPU
		Release|Any CPU = Release|Any CPU
	EndGlobalSection
	GlobalSection(ProjectConfigurationPlatforms) = postSolution
		{F11774E8-EB80-4C4B-AB1D-C56C0B5413B7}.Debug|Any CPU.ActiveCfg = Debug|Any CPU
		{F11774E8-EB80-4C4B-AB1D-C56C0B5413B7}.Debug|Any CPU.Build.0 = Debug|Any CPU
		{F11774E8-EB80-4C4B-AB1D-C56C0B5413B7}.Release|Any CPU.ActiveCfg = Release|Any CPU
		{F11774E8-EB80-4C4B-AB1D-C56C0B5413B7}.Release|Any CPU.Build.0 = Release|Any CPU
	EndGlobalSection
	GlobalSection(SolutionProperties) = preSolution
		HideSolutionNode = FALSE
	EndGlobalSection
	GlobalSection(ExtensibilityGlobals) = postSolution
		SolutionGuid = {1658C471-AF47-4A64-8C2C-E1C15B32C53D}
	EndGlobalSection
EndGlobal
